github.com/nabeelys/i11778-monorepo v1.0.0 h1:abOQ/Uqnf8olCYx86dj2hE9qp3lzyIy904FlqpegVaI=
github.com/nabeelys/i11778-monorepo v1.0.0/go.mod h1:gG8Vgnqj9GPuaxCCaAUJ2dZIQ66KyXowicZ97MC2UPw=
github.com/nabeelys/i11778-monorepo v1.1.0 h1:i8hH72OMIUOrVzOQJGtecqwLzoIVZKJeDRU5QOA8IEQ=
github.com/nabeelys/i11778-monorepo v1.1.0/go.mod h1:gG8Vgnqj9GPuaxCCaAUJ2dZIQ66KyXowicZ97MC2UPw=
github.com/nabeelys/i11778-monorepo/multiply v1.0.0 h1:6pHybwGL7L3ymkRtMQn/XXIn8u3PoFe1zhiy9MQ4mTQ=
github.com/nabeelys/i11778-monorepo/multiply v1.0.0/go.mod h1:ncHBF35t9E4nE7OUctGpUxH9dRksW4kf4JM34yNCul8=
